
Microsoft Visual Studio Solution File, Format Version 12.00
# Visual Studio Version 16
VisualStudioVersion = 16.0.30503.244
MinimumVisualStudioVersion = 10.0.40219.1
Project("{9A19103F-16F7-4668-BE54-9A1E7A4F7556}") = "GenesisConsult.Nightclub.Application.Core", "GenesisConsult.Nightclub.Application.Core\GenesisConsult.Nightclub.Application.Core.csproj", "{410FFA65-D04C-472F-9346-64F5503E419D}"
EndProject
Project("{9A19103F-16F7-4668-BE54-9A1E7A4F7556}") = "GenesisConsult.Nightclub.Domain", "GenesisConsult.Nightclub.Domain\GenesisConsult.Nightclub.Domain.csproj", "{7A90F0D6-428F-4B72-94B4-7DD68B5DE885}"
EndProject
Project("{9A19103F-16F7-4668-BE54-9A1E7A4F7556}") = "GenesisConsult.Nightclub.Infrastructure", "GenesisConsult.Nightclub.Infrastructure\GenesisConsult.Nightclub.Infrastructure.csproj", "{392846FA-2D2A-48ED-91A9-E9229587F431}"
EndProject
Project("{9A19103F-16F7-4668-BE54-9A1E7A4F7556}") = "GenesisConsult.Nightclub.Application.API", "GenesisConsult.Nightclub.Application.API\GenesisConsult.Nightclub.Application.API.csproj", "{72821E7D-2073-4985-A475-D17983A19B1B}"
EndProject
Project("{FAE04EC0-301F-11D3-BF4B-00C04F79EFBC}") = "GenesisConsult.Nightclub.Tests", "GenesisConsult.Nightclub.Tests\GenesisConsult.Nightclub.Tests.csproj", "{A8D990C8-31AD-4513-94B0-2EAB99921089}"
EndProject
Global
	GlobalSection(SolutionConfigurationPlatforms) = preSolution
		Debug|Any CPU = Debug|Any CPU
		Release|Any CPU = Release|Any CPU
	EndGlobalSection
	GlobalSection(ProjectConfigurationPlatforms) = postSolution
		{410FFA65-D04C-472F-9346-64F5503E419D}.Debug|Any CPU.ActiveCfg = Debug|Any CPU
		{410FFA65-D04C-472F-9346-64F5503E419D}.Debug|Any CPU.Build.0 = Debug|Any CPU
		{410FFA65-D04C-472F-9346-64F5503E419D}.Release|Any CPU.ActiveCfg = Release|Any CPU
		{410FFA65-D04C-472F-9346-64F5503E419D}.Release|Any CPU.Build.0 = Release|Any CPU
		{7A90F0D6-428F-4B72-94B4-7DD68B5DE885}.Debug|Any CPU.ActiveCfg = Debug|Any CPU
		{7A90F0D6-428F-4B72-94B4-7DD68B5DE885}.Debug|Any CPU.Build.0 = Debug|Any CPU
		{7A90F0D6-428F-4B72-94B4-7DD68B5DE885}.Release|Any CPU.ActiveCfg = Release|Any CPU
		{7A90F0D6-428F-4B72-94B4-7DD68B5DE885}.Release|Any CPU.Build.0 = Release|Any CPU
		{392846FA-2D2A-48ED-91A9-E9229587F431}.Debug|Any CPU.ActiveCfg = Debug|Any CPU
		{392846FA-2D2A-48ED-91A9-E9229587F431}.Debug|Any CPU.Build.0 = Debug|Any CPU
		{392846FA-2D2A-48ED-91A9-E9229587F431}.Release|Any CPU.ActiveCfg = Release|Any CPU
		{392846FA-2D2A-48ED-91A9-E9229587F431}.Release|Any CPU.Build.0 = Release|Any CPU
		{72821E7D-2073-4985-A475-D17983A19B1B}.Debug|Any CPU.ActiveCfg = Debug|Any CPU
		{72821E7D-2073-4985-A475-D17983A19B1B}.Debug|Any CPU.Build.0 = Debug|Any CPU
		{72821E7D-2073-4985-A475-D17983A19B1B}.Release|Any CPU.ActiveCfg = Release|Any CPU
		{72821E7D-2073-4985-A475-D17983A19B1B}.Release|Any CPU.Build.0 = Release|Any CPU
		{A8D990C8-31AD-4513-94B0-2EAB99921089}.Debug|Any CPU.ActiveCfg = Debug|Any CPU
		{A8D990C8-31AD-4513-94B0-2EAB99921089}.Debug|Any CPU.Build.0 = Debug|Any CPU
		{A8D990C8-31AD-4513-94B0-2EAB99921089}.Release|Any CPU.ActiveCfg = Release|Any CPU
		{A8D990C8-31AD-4513-94B0-2EAB99921089}.Release|Any CPU.Build.0 = Release|Any CPU
	EndGlobalSection
	GlobalSection(SolutionProperties) = preSolution
		HideSolutionNode = FALSE
	EndGlobalSection
	GlobalSection(ExtensibilityGlobals) = postSolution
		SolutionGuid = {81E96AAA-D20B-47F0-B809-088686BF2BA9}
	EndGlobalSection
EndGlobal
